
Microsoft Visual Studio Solution File, Format Version 12.00
# Visual Studio Version 16
VisualStudioVersion = 16.0.29613.14
MinimumVisualStudioVersion = 10.0.40219.1
Project("{FAE04EC0-301F-11D3-BF4B-00C04F79EFBC}") = "Lab_4", "Lab_4\Lab_4.csproj", "{D1CA8FB3-C966-4DC6-8AFE-D70DB9587BEA}"
EndProject
Global
	GlobalSection(SolutionConfigurationPlatforms) = preSolution
		Debug|Any CPU = Debug|Any CPU
		Release|Any CPU = Release|Any CPU
	EndGlobalSection
	GlobalSection(ProjectConfigurationPlatforms) = postSolution
		{D1CA8FB3-C966-4DC6-8AFE-D70DB9587BEA}.Debug|Any CPU.ActiveCfg = Debug|Any CPU
		{D1CA8FB3-C966-4DC6-8AFE-D70DB9587BEA}.Debug|Any CPU.Build.0 = Debug|Any CPU
		{D1CA8FB3-C966-4DC6-8AFE-D70DB9587BEA}.Release|Any CPU.ActiveCfg = Release|Any CPU
		{D1CA8FB3-C966-4DC6-8AFE-D70DB9587BEA}.Release|Any CPU.Build.0 = Release|Any CPU
	EndGlobalSection
	GlobalSection(SolutionProperties) = preSolution
		HideSolutionNode = FALSE
	EndGlobalSection
	GlobalSection(ExtensibilityGlobals) = postSolution
		SolutionGuid = {FFEA2C40-5CD4-4232-B999-F1622A7A4E08}
	EndGlobalSection
EndGlobal
